
Microsoft Visual Studio Solution File, Format Version 12.00
# Visual Studio Version 17
VisualStudioVersion = 17.6.33829.357
MinimumVisualStudioVersion = 10.0.40219.1
Project("{FAE04EC0-301F-11D3-BF4B-00C04F79EFBC}") = "csharpbaitap5", "csharpbaitap5.csproj", "{23FF264B-E012-42C1-9AA0-730D317C493B}"
EndProject
Global
	GlobalSection(SolutionConfigurationPlatforms) = preSolution
		Debug|Any CPU = Debug|Any CPU
		Release|Any CPU = Release|Any CPU
	EndGlobalSection
	GlobalSection(ProjectConfigurationPlatforms) = postSolution
		{23FF264B-E012-42C1-9AA0-730D317C493B}.Debug|Any CPU.ActiveCfg = Debug|Any CPU
		{23FF264B-E012-42C1-9AA0-730D317C493B}.Debug|Any CPU.Build.0 = Debug|Any CPU
		{23FF264B-E012-42C1-9AA0-730D317C493B}.Release|Any CPU.ActiveCfg = Release|Any CPU
		{23FF264B-E012-42C1-9AA0-730D317C493B}.Release|Any CPU.Build.0 = Release|Any CPU
	EndGlobalSection
	GlobalSection(SolutionProperties) = preSolution
		HideSolutionNode = FALSE
	EndGlobalSection
	GlobalSection(ExtensibilityGlobals) = postSolution
		SolutionGuid = {023606FD-9E55-4EC8-A391-AD1B1345ADAC}
	EndGlobalSection
EndGlobal
